
Microsoft Visual Studio Solution File, Format Version 12.00
# Visual Studio 15
VisualStudioVersion = 15.0.26124.0
MinimumVisualStudioVersion = 15.0.26124.0
Project("{FAE04EC0-301F-11D3-BF4B-00C04F79EFBC}") = "API", "API\API.csproj", "{81700B84-A4BC-469D-9DD8-A934034E5657}"
EndProject
Project("{FAE04EC0-301F-11D3-BF4B-00C04F79EFBC}") = "Core", "Core\Core.csproj", "{7FB2650B-C11A-41B3-A617-D64695C449E5}"
EndProject
Project("{FAE04EC0-301F-11D3-BF4B-00C04F79EFBC}") = "Infrastructure", "Infrastructure\Infrastructure.csproj", "{D80ECBF3-30C2-4715-9179-A7ADA21DCDD6}"
EndProject
Global
	GlobalSection(SolutionConfigurationPlatforms) = preSolution
		Debug|Any CPU = Debug|Any CPU
		Debug|x64 = Debug|x64
		Debug|x86 = Debug|x86
		Release|Any CPU = Release|Any CPU
		Release|x64 = Release|x64
		Release|x86 = Release|x86
	EndGlobalSection
	GlobalSection(SolutionProperties) = preSolution
		HideSolutionNode = FALSE
	EndGlobalSection
	GlobalSection(ProjectConfigurationPlatforms) = postSolution
		{81700B84-A4BC-469D-9DD8-A934034E5657}.Debug|Any CPU.ActiveCfg = Debug|Any CPU
		{81700B84-A4BC-469D-9DD8-A934034E5657}.Debug|Any CPU.Build.0 = Debug|Any CPU
		{81700B84-A4BC-469D-9DD8-A934034E5657}.Debug|x64.ActiveCfg = Debug|Any CPU
		{81700B84-A4BC-469D-9DD8-A934034E5657}.Debug|x64.Build.0 = Debug|Any CPU
		{81700B84-A4BC-469D-9DD8-A934034E5657}.Debug|x86.ActiveCfg = Debug|Any CPU
		{81700B84-A4BC-469D-9DD8-A934034E5657}.Debug|x86.Build.0 = Debug|Any CPU
		{81700B84-A4BC-469D-9DD8-A934034E5657}.Release|Any CPU.ActiveCfg = Release|Any CPU
		{81700B84-A4BC-469D-9DD8-A934034E5657}.Release|Any CPU.Build.0 = Release|Any CPU
		{81700B84-A4BC-469D-9DD8-A934034E5657}.Release|x64.ActiveCfg = Release|Any CPU
		{81700B84-A4BC-469D-9DD8-A934034E5657}.Release|x64.Build.0 = Release|Any CPU
		{81700B84-A4BC-469D-9DD8-A934034E5657}.Release|x86.ActiveCfg = Release|Any CPU
		{81700B84-A4BC-469D-9DD8-A934034E5657}.Release|x86.Build.0 = Release|Any CPU
		{7FB2650B-C11A-41B3-A617-D64695C449E5}.Debug|Any CPU.ActiveCfg = Debug|Any CPU
		{7FB2650B-C11A-41B3-A617-D64695C449E5}.Debug|Any CPU.Build.0 = Debug|Any CPU
		{7FB2650B-C11A-41B3-A617-D64695C449E5}.Debug|x64.ActiveCfg = Debug|Any CPU
		{7FB2650B-C11A-41B3-A617-D64695C449E5}.Debug|x64.Build.0 = Debug|Any CPU
		{7FB2650B-C11A-41B3-A617-D64695C449E5}.Debug|x86.ActiveCfg = Debug|Any CPU
		{7FB2650B-C11A-41B3-A617-D64695C449E5}.Debug|x86.Build.0 = Debug|Any CPU
		{7FB2650B-C11A-41B3-A617-D64695C449E5}.Release|Any CPU.ActiveCfg = Release|Any CPU
		{7FB2650B-C11A-41B3-A617-D64695C449E5}.Release|Any CPU.Build.0 = Release|Any CPU
		{7FB2650B-C11A-41B3-A617-D64695C449E5}.Release|x64.ActiveCfg = Release|Any CPU
		{7FB2650B-C11A-41B3-A617-D64695C449E5}.Release|x64.Build.0 = Release|Any CPU
		{7FB2650B-C11A-41B3-A617-D64695C449E5}.Release|x86.ActiveCfg = Release|Any CPU
		{7FB2650B-C11A-41B3-A617-D64695C449E5}.Release|x86.Build.0 = Release|Any CPU
		{D80ECBF3-30C2-4715-9179-A7ADA21DCDD6}.Debug|Any CPU.ActiveCfg = Debug|Any CPU
		{D80ECBF3-30C2-4715-9179-A7ADA21DCDD6}.Debug|Any CPU.Build.0 = Debug|Any CPU
		{D80ECBF3-30C2-4715-9179-A7ADA21DCDD6}.Debug|x64.ActiveCfg = Debug|Any CPU
		{D80ECBF3-30C2-4715-9179-A7ADA21DCDD6}.Debug|x64.Build.0 = Debug|Any CPU
		{D80ECBF3-30C2-4715-9179-A7ADA21DCDD6}.Debug|x86.ActiveCfg = Debug|Any CPU
		{D80ECBF3-30C2-4715-9179-A7ADA21DCDD6}.Debug|x86.Build.0 = Debug|Any CPU
		{D80ECBF3-30C2-4715-9179-A7ADA21DCDD6}.Release|Any CPU.ActiveCfg = Release|Any CPU
		{D80ECBF3-30C2-4715-9179-A7ADA21DCDD6}.Release|Any CPU.Build.0 = Release|Any CPU
		{D80ECBF3-30C2-4715-9179-A7ADA21DCDD6}.Release|x64.ActiveCfg = Release|Any CPU
		{D80ECBF3-30C2-4715-9179-A7ADA21DCDD6}.Release|x64.Build.0 = Release|Any CPU
		{D80ECBF3-30C2-4715-9179-A7ADA21DCDD6}.Release|x86.ActiveCfg = Release|Any CPU
		{D80ECBF3-30C2-4715-9179-A7ADA21DCDD6}.Release|x86.Build.0 = Release|Any CPU
	EndGlobalSection
	GlobalSection(MonoDevelopProperties) = preSolution
		Policies = $0
		$0.TextStylePolicy = $1
		$1.inheritsSet = null
		$1.scope = text/x-csharp
		$0.CSharpFormattingPolicy = $2
		$2.scope = text/x-csharp
	EndGlobalSection
EndGlobal
